
Microsoft Visual Studio Solution File, Format Version 12.00
# Visual Studio Version 16
VisualStudioVersion = 16.0.30523.141
MinimumVisualStudioVersion = 10.0.40219.1
Project("{FAE04EC0-301F-11D3-BF4B-00C04F79EFBC}") = "Calculator Windows", "Calculator Windows\Calculator Windows.csproj", "{17583B43-3849-42C0-A998-F65E9A432CE0}"
EndProject
Global
	GlobalSection(SolutionConfigurationPlatforms) = preSolution
		Debug|Any CPU = Debug|Any CPU
		Release|Any CPU = Release|Any CPU
	EndGlobalSection
	GlobalSection(ProjectConfigurationPlatforms) = postSolution
		{17583B43-3849-42C0-A998-F65E9A432CE0}.Debug|Any CPU.ActiveCfg = Debug|Any CPU
		{17583B43-3849-42C0-A998-F65E9A432CE0}.Debug|Any CPU.Build.0 = Debug|Any CPU
		{17583B43-3849-42C0-A998-F65E9A432CE0}.Release|Any CPU.ActiveCfg = Release|Any CPU
		{17583B43-3849-42C0-A998-F65E9A432CE0}.Release|Any CPU.Build.0 = Release|Any CPU
	EndGlobalSection
	GlobalSection(SolutionProperties) = preSolution
		HideSolutionNode = FALSE
	EndGlobalSection
	GlobalSection(ExtensibilityGlobals) = postSolution
		SolutionGuid = {41236DA3-9922-4F1C-B785-E4C9A082490C}
	EndGlobalSection
EndGlobal
